Microsoft Visual Studio Solution File, Format Version 11.00
# Visual Studio 2008

Project("{43AAEE33-C945-E67D-D3F2-F72634A60EB9}") = "SemanaSantaCreaTIC", "Assembly-CSharp.csproj", "{32546F74-F87B-14F1-941D-2CF28C679178}"
EndProject
Project("{43AAEE33-C945-E67D-D3F2-F72634A60EB9}") = "SemanaSantaCreaTIC", "Assembly-CSharp-Editor.csproj", "{B99B5434-0FA8-067E-042D-773868C8155C}"
EndProject
Global
	GlobalSection(SolutionConfigurationPlatforms) = preSolution
		Debug|Any CPU = Debug|Any CPU
		Release|Any CPU = Release|Any CPU
	EndGlobalSection
	GlobalSection(ProjectConfigurationPlatforms) = postSolution
		{32546F74-F87B-14F1-941D-2CF28C679178}.Debug|Any CPU.ActiveCfg = Debug|Any CPU
		{32546F74-F87B-14F1-941D-2CF28C679178}.Debug|Any CPU.Build.0 = Debug|Any CPU
		{32546F74-F87B-14F1-941D-2CF28C679178}.Release|Any CPU.ActiveCfg = Release|Any CPU
		{32546F74-F87B-14F1-941D-2CF28C679178}.Release|Any CPU.Build.0 = Release|Any CPU
		{B99B5434-0FA8-067E-042D-773868C8155C}.Debug|Any CPU.ActiveCfg = Debug|Any CPU
		{B99B5434-0FA8-067E-042D-773868C8155C}.Debug|Any CPU.Build.0 = Debug|Any CPU
		{B99B5434-0FA8-067E-042D-773868C8155C}.Release|Any CPU.ActiveCfg = Release|Any CPU
		{B99B5434-0FA8-067E-042D-773868C8155C}.Release|Any CPU.Build.0 = Release|Any CPU
	EndGlobalSection
	GlobalSection(SolutionProperties) = preSolution
		HideSolutionNode = FALSE
	EndGlobalSection
	GlobalSection(MonoDevelopProperties) = preSolution
		StartupItem = Assembly-CSharp.csproj
	EndGlobalSection
EndGlobal
